
Microsoft Visual Studio Solution File, Format Version 12.00
Project("{FAE04EC0-301F-11D3-BF4B-00C04F79EFBC}") = "Sentences", "Sentences.csproj", "{3A99F5FE-C089-49D7-8B74-1956B98390B3}"
EndProject
Project("{FAE04EC0-301F-11D3-BF4B-00C04F79EFBC}") = "Sentences.Core", "Sentences.Core\Sentences.Core.csproj", "{1E7298AD-714F-4182-BF8C-3C67E95D9793}"
EndProject
Project("{FAE04EC0-301F-11D3-BF4B-00C04F79EFBC}") = "Sentences.Test", "Sentences.Test\Sentences.Test.csproj", "{EFC0C83B-528B-47C7-8413-BB2F62BC5B62}"
EndProject
Global
	GlobalSection(SolutionConfigurationPlatforms) = preSolution
		Debug|Any CPU = Debug|Any CPU
		Release|Any CPU = Release|Any CPU
	EndGlobalSection
	GlobalSection(ProjectConfigurationPlatforms) = postSolution
		{3A99F5FE-C089-49D7-8B74-1956B98390B3}.Debug|Any CPU.ActiveCfg = Debug|Any CPU
		{3A99F5FE-C089-49D7-8B74-1956B98390B3}.Debug|Any CPU.Build.0 = Debug|Any CPU
		{3A99F5FE-C089-49D7-8B74-1956B98390B3}.Release|Any CPU.ActiveCfg = Release|Any CPU
		{3A99F5FE-C089-49D7-8B74-1956B98390B3}.Release|Any CPU.Build.0 = Release|Any CPU
		{1E7298AD-714F-4182-BF8C-3C67E95D9793}.Debug|Any CPU.ActiveCfg = Debug|Any CPU
		{1E7298AD-714F-4182-BF8C-3C67E95D9793}.Debug|Any CPU.Build.0 = Debug|Any CPU
		{1E7298AD-714F-4182-BF8C-3C67E95D9793}.Release|Any CPU.ActiveCfg = Release|Any CPU
		{1E7298AD-714F-4182-BF8C-3C67E95D9793}.Release|Any CPU.Build.0 = Release|Any CPU
		{EFC0C83B-528B-47C7-8413-BB2F62BC5B62}.Debug|Any CPU.ActiveCfg = Debug|Any CPU
		{EFC0C83B-528B-47C7-8413-BB2F62BC5B62}.Debug|Any CPU.Build.0 = Debug|Any CPU
		{EFC0C83B-528B-47C7-8413-BB2F62BC5B62}.Release|Any CPU.ActiveCfg = Release|Any CPU
		{EFC0C83B-528B-47C7-8413-BB2F62BC5B62}.Release|Any CPU.Build.0 = Release|Any CPU
	EndGlobalSection
EndGlobal
